
Microsoft Visual Studio Solution File, Format Version 12.00
# Visual Studio 15
VisualStudioVersion = 15.0.27130.0
MinimumVisualStudioVersion = 10.0.40219.1
Project("{8BC9CEB8-8B4A-11D0-8D11-00A0C91BC942}") = "hwfeb8lab4", "hwfeb8lab4\hwfeb8lab4.vcxproj", "{E8785D6B-C806-4AD3-898D-9A123B5510E7}"
EndProject
Global
	GlobalSection(SolutionConfigurationPlatforms) = preSolution
		Debug|x64 = Debug|x64
		Debug|x86 = Debug|x86
		Release|x64 = Release|x64
		Release|x86 = Release|x86
	EndGlobalSection
	GlobalSection(ProjectConfigurationPlatforms) = postSolution
		{E8785D6B-C806-4AD3-898D-9A123B5510E7}.Debug|x64.ActiveCfg = Debug|x64
		{E8785D6B-C806-4AD3-898D-9A123B5510E7}.Debug|x64.Build.0 = Debug|x64
		{E8785D6B-C806-4AD3-898D-9A123B5510E7}.Debug|x86.ActiveCfg = Debug|Win32
		{E8785D6B-C806-4AD3-898D-9A123B5510E7}.Debug|x86.Build.0 = Debug|Win32
		{E8785D6B-C806-4AD3-898D-9A123B5510E7}.Release|x64.ActiveCfg = Release|x64
		{E8785D6B-C806-4AD3-898D-9A123B5510E7}.Release|x64.Build.0 = Release|x64
		{E8785D6B-C806-4AD3-898D-9A123B5510E7}.Release|x86.ActiveCfg = Release|Win32
		{E8785D6B-C806-4AD3-898D-9A123B5510E7}.Release|x86.Build.0 = Release|Win32
	EndGlobalSection
	GlobalSection(SolutionProperties) = preSolution
		HideSolutionNode = FALSE
	EndGlobalSection
	GlobalSection(ExtensibilityGlobals) = postSolution
		SolutionGuid = {6997D1CA-9C15-4B67-830D-845E6F94B555}
	EndGlobalSection
EndGlobal
